
Microsoft Visual Studio Solution File, Format Version 12.00
# Visual Studio Version 16
VisualStudioVersion = 16.0.31005.135
MinimumVisualStudioVersion = 10.0.40219.1
Project("{FAE04EC0-301F-11D3-BF4B-00C04F79EFBC}") = "WindowsFontsMetrics", "BigFonts\WindowsFontsMetrics.csproj", "{3E80C9F6-180A-402C-ADF0-2163D245A0C0}"
EndProject
Global
	GlobalSection(SolutionConfigurationPlatforms) = preSolution
		Debug|Any CPU = Debug|Any CPU
		Debug|x86 = Debug|x86
		Release|Any CPU = Release|Any CPU
		Release|x86 = Release|x86
	EndGlobalSection
	GlobalSection(ProjectConfigurationPlatforms) = postSolution
		{3E80C9F6-180A-402C-ADF0-2163D245A0C0}.Debug|Any CPU.ActiveCfg = Debug|Any CPU
		{3E80C9F6-180A-402C-ADF0-2163D245A0C0}.Debug|Any CPU.Build.0 = Debug|Any CPU
		{3E80C9F6-180A-402C-ADF0-2163D245A0C0}.Debug|x86.ActiveCfg = Debug|x86
		{3E80C9F6-180A-402C-ADF0-2163D245A0C0}.Debug|x86.Build.0 = Debug|x86
		{3E80C9F6-180A-402C-ADF0-2163D245A0C0}.Release|Any CPU.ActiveCfg = Release|Any CPU
		{3E80C9F6-180A-402C-ADF0-2163D245A0C0}.Release|Any CPU.Build.0 = Release|Any CPU
		{3E80C9F6-180A-402C-ADF0-2163D245A0C0}.Release|x86.ActiveCfg = Release|x86
		{3E80C9F6-180A-402C-ADF0-2163D245A0C0}.Release|x86.Build.0 = Release|x86
	EndGlobalSection
	GlobalSection(SolutionProperties) = preSolution
		HideSolutionNode = FALSE
	EndGlobalSection
	GlobalSection(ExtensibilityGlobals) = postSolution
		SolutionGuid = {53322A52-7910-4FDA-8C8B-D2F90930945D}
	EndGlobalSection
EndGlobal
